
Microsoft Visual Studio Solution File, Format Version 12.00
# Visual Studio Version 16
VisualStudioVersion = 16.0.30804.86
MinimumVisualStudioVersion = 10.0.40219.1
Project("{9A19103F-16F7-4668-BE54-9A1E7A4F7556}") = "SalesWebMvc", "SalesWebMvc\SalesWebMvc.csproj", "{ACF44CB1-844F-44A8-B1B2-ED0F62D44A0A}"
EndProject
Global
	GlobalSection(SolutionConfigurationPlatforms) = preSolution
		Debug|Any CPU = Debug|Any CPU
		Release|Any CPU = Release|Any CPU
	EndGlobalSection
	GlobalSection(ProjectConfigurationPlatforms) = postSolution
		{ACF44CB1-844F-44A8-B1B2-ED0F62D44A0A}.Debug|Any CPU.ActiveCfg = Debug|Any CPU
		{ACF44CB1-844F-44A8-B1B2-ED0F62D44A0A}.Debug|Any CPU.Build.0 = Debug|Any CPU
		{ACF44CB1-844F-44A8-B1B2-ED0F62D44A0A}.Release|Any CPU.ActiveCfg = Release|Any CPU
		{ACF44CB1-844F-44A8-B1B2-ED0F62D44A0A}.Release|Any CPU.Build.0 = Release|Any CPU
	EndGlobalSection
	GlobalSection(SolutionProperties) = preSolution
		HideSolutionNode = FALSE
	EndGlobalSection
	GlobalSection(ExtensibilityGlobals) = postSolution
		SolutionGuid = {E0E04D59-5A3D-431D-89A0-2C92C0C44872}
	EndGlobalSection
EndGlobal
